<?xml version="1.0" encoding="utf-8"?>
<Project ToolsVersion="16.0" xmlns="http://schemas.microsoft.com/developer/msbuild/2003">
  <ItemGroup>
    <CustomBuild Include="C:\Users\zero\cxx\case-project\builds\windows\vs-2019-googletest\CMakeFiles\d75c7514d8dc7f0c58fb4e2328283270\PACKAGE_force.rule">
      <Filter>CMake Rules</Filter>
    </CustomBuild>
  </ItemGroup>
  <ItemGroup>
    <Filter Include="CMake Rules">
      <UniqueIdentifier>{CA47C196-9A47-351B-AEE1-1659A4D15F22}</UniqueIdentifier>
    </Filter>
  </ItemGroup>
</Project>
