
Microsoft Visual Studio Solution File, Format Version 12.00
# Visual Studio Version 16
Project("{8BC9CEB8-8B4A-11D0-8D11-00A0C91BC942}") = "ALL_BUILD", "ALL_BUILD.vcxproj", "{AE0CFC62-AFEF-341C-A4D0-1DEFEE6500FF}"
	ProjectSection(ProjectDependencies) = postProject
		{06D7361D-0558-35CD-A592-98BDE44C0A4E} = {06D7361D-0558-35CD-A592-98BDE44C0A4E}
		{9A00F881-9FDB-3D8D-B0E9-CE09307F857A} = {9A00F881-9FDB-3D8D-B0E9-CE09307F857A}
		{32C167F5-A0DE-36DE-B6DF-CE3EB4E71229} = {32C167F5-A0DE-36DE-B6DF-CE3EB4E71229}
	EndProjectSection
EndProject
Project("{8BC9CEB8-8B4A-11D0-8D11-00A0C91BC942}") = "Continuous", "Continuous.vcxproj", "{5BC908E2-4329-3FF9-89BF-3875B6931CCB}"
	ProjectSection(ProjectDependencies) = postProject
		{06D7361D-0558-35CD-A592-98BDE44C0A4E} = {06D7361D-0558-35CD-A592-98BDE44C0A4E}
	EndProjectSection
EndProject
Project("{8BC9CEB8-8B4A-11D0-8D11-00A0C91BC942}") = "Experimental", "Experimental.vcxproj", "{37F521F9-8065-3966-A7F5-482105DAB846}"
	ProjectSection(ProjectDependencies) = postProject
		{06D7361D-0558-35CD-A592-98BDE44C0A4E} = {06D7361D-0558-35CD-A592-98BDE44C0A4E}
	EndProjectSection
EndProject
Project("{8BC9CEB8-8B4A-11D0-8D11-00A0C91BC942}") = "INSTALL", "INSTALL.vcxproj", "{966155FC-71A0-398E-B1DD-C7DF4CCFC72F}"
	ProjectSection(ProjectDependencies) = postProject
		{AE0CFC62-AFEF-341C-A4D0-1DEFEE6500FF} = {AE0CFC62-AFEF-341C-A4D0-1DEFEE6500FF}
		{06D7361D-0558-35CD-A592-98BDE44C0A4E} = {06D7361D-0558-35CD-A592-98BDE44C0A4E}
	EndProjectSection
EndProject
Project("{8BC9CEB8-8B4A-11D0-8D11-00A0C91BC942}") = "Nightly", "Nightly.vcxproj", "{794C42FE-8BD4-3766-A3E6-29C28B4C68FD}"
	ProjectSection(ProjectDependencies) = postProject
		{06D7361D-0558-35CD-A592-98BDE44C0A4E} = {06D7361D-0558-35CD-A592-98BDE44C0A4E}
	EndProjectSection
EndProject
Project("{8BC9CEB8-8B4A-11D0-8D11-00A0C91BC942}") = "NightlyMemoryCheck", "NightlyMemoryCheck.vcxproj", "{10E26A26-C791-318E-B4F3-1458A8479538}"
	ProjectSection(ProjectDependencies) = postProject
		{06D7361D-0558-35CD-A592-98BDE44C0A4E} = {06D7361D-0558-35CD-A592-98BDE44C0A4E}
	EndProjectSection
EndProject
Project("{8BC9CEB8-8B4A-11D0-8D11-00A0C91BC942}") = "PACKAGE", "PACKAGE.vcxproj", "{BCE70F17-00AD-30AB-83D5-0228E66DF32D}"
	ProjectSection(ProjectDependencies) = postProject
		{AE0CFC62-AFEF-341C-A4D0-1DEFEE6500FF} = {AE0CFC62-AFEF-341C-A4D0-1DEFEE6500FF}
		{06D7361D-0558-35CD-A592-98BDE44C0A4E} = {06D7361D-0558-35CD-A592-98BDE44C0A4E}
	EndProjectSection
EndProject
Project("{8BC9CEB8-8B4A-11D0-8D11-00A0C91BC942}") = "RUN_TESTS", "RUN_TESTS.vcxproj", "{AE642202-CB47-381A-AC3D-2916EE4BE27C}"
	ProjectSection(ProjectDependencies) = postProject
		{06D7361D-0558-35CD-A592-98BDE44C0A4E} = {06D7361D-0558-35CD-A592-98BDE44C0A4E}
	EndProjectSection
EndProject
Project("{8BC9CEB8-8B4A-11D0-8D11-00A0C91BC942}") = "ZERO_CHECK", "ZERO_CHECK.vcxproj", "{06D7361D-0558-35CD-A592-98BDE44C0A4E}"
	ProjectSection(ProjectDependencies) = postProject
	EndProjectSection
EndProject
Project("{8BC9CEB8-8B4A-11D0-8D11-00A0C91BC942}") = "benchmark_case-project", "benchmark\benchmark_case-project.vcxproj", "{9A00F881-9FDB-3D8D-B0E9-CE09307F857A}"
	ProjectSection(ProjectDependencies) = postProject
		{06D7361D-0558-35CD-A592-98BDE44C0A4E} = {06D7361D-0558-35CD-A592-98BDE44C0A4E}
		{32C167F5-A0DE-36DE-B6DF-CE3EB4E71229} = {32C167F5-A0DE-36DE-B6DF-CE3EB4E71229}
	EndProjectSection
EndProject
Project("{8BC9CEB8-8B4A-11D0-8D11-00A0C91BC942}") = "case-project", "library\case-project.vcxproj", "{32C167F5-A0DE-36DE-B6DF-CE3EB4E71229}"
	ProjectSection(ProjectDependencies) = postProject
		{06D7361D-0558-35CD-A592-98BDE44C0A4E} = {06D7361D-0558-35CD-A592-98BDE44C0A4E}
	EndProjectSection
EndProject
Global
	GlobalSection(SolutionConfigurationPlatforms) = preSolution
		Debug|x64 = Debug|x64
		Release|x64 = Release|x64
		MinSizeRel|x64 = MinSizeRel|x64
		RelWithDebInfo|x64 = RelWithDebInfo|x64
	EndGlobalSection
	GlobalSection(ProjectConfigurationPlatforms) = postSolution
		{AE0CFC62-AFEF-341C-A4D0-1DEFEE6500FF}.Debug|x64.ActiveCfg = Debug|x64
		{AE0CFC62-AFEF-341C-A4D0-1DEFEE6500FF}.Debug|x64.Build.0 = Debug|x64
		{AE0CFC62-AFEF-341C-A4D0-1DEFEE6500FF}.Release|x64.ActiveCfg = Release|x64
		{AE0CFC62-AFEF-341C-A4D0-1DEFEE6500FF}.Release|x64.Build.0 = Release|x64
		{AE0CFC62-AFEF-341C-A4D0-1DEFEE6500FF}.MinSizeRel|x64.ActiveCfg = MinSizeRel|x64
		{AE0CFC62-AFEF-341C-A4D0-1DEFEE6500FF}.MinSizeRel|x64.Build.0 = MinSizeRel|x64
		{AE0CFC62-AFEF-341C-A4D0-1DEFEE6500FF}.RelWithDebInfo|x64.ActiveCfg = RelWithDebInfo|x64
		{AE0CFC62-AFEF-341C-A4D0-1DEFEE6500FF}.RelWithDebInfo|x64.Build.0 = RelWithDebInfo|x64
		{5BC908E2-4329-3FF9-89BF-3875B6931CCB}.Debug|x64.ActiveCfg = Debug|x64
		{5BC908E2-4329-3FF9-89BF-3875B6931CCB}.Release|x64.ActiveCfg = Release|x64
		{5BC908E2-4329-3FF9-89BF-3875B6931CCB}.MinSizeRel|x64.ActiveCfg = MinSizeRel|x64
		{5BC908E2-4329-3FF9-89BF-3875B6931CCB}.RelWithDebInfo|x64.ActiveCfg = RelWithDebInfo|x64
		{37F521F9-8065-3966-A7F5-482105DAB846}.Debug|x64.ActiveCfg = Debug|x64
		{37F521F9-8065-3966-A7F5-482105DAB846}.Release|x64.ActiveCfg = Release|x64
		{37F521F9-8065-3966-A7F5-482105DAB846}.MinSizeRel|x64.ActiveCfg = MinSizeRel|x64
		{37F521F9-8065-3966-A7F5-482105DAB846}.RelWithDebInfo|x64.ActiveCfg = RelWithDebInfo|x64
		{966155FC-71A0-398E-B1DD-C7DF4CCFC72F}.Debug|x64.ActiveCfg = Debug|x64
		{966155FC-71A0-398E-B1DD-C7DF4CCFC72F}.Release|x64.ActiveCfg = Release|x64
		{966155FC-71A0-398E-B1DD-C7DF4CCFC72F}.MinSizeRel|x64.ActiveCfg = MinSizeRel|x64
		{966155FC-71A0-398E-B1DD-C7DF4CCFC72F}.RelWithDebInfo|x64.ActiveCfg = RelWithDebInfo|x64
		{794C42FE-8BD4-3766-A3E6-29C28B4C68FD}.Debug|x64.ActiveCfg = Debug|x64
		{794C42FE-8BD4-3766-A3E6-29C28B4C68FD}.Release|x64.ActiveCfg = Release|x64
		{794C42FE-8BD4-3766-A3E6-29C28B4C68FD}.MinSizeRel|x64.ActiveCfg = MinSizeRel|x64
		{794C42FE-8BD4-3766-A3E6-29C28B4C68FD}.RelWithDebInfo|x64.ActiveCfg = RelWithDebInfo|x64
		{10E26A26-C791-318E-B4F3-1458A8479538}.Debug|x64.ActiveCfg = Debug|x64
		{10E26A26-C791-318E-B4F3-1458A8479538}.Release|x64.ActiveCfg = Release|x64
		{10E26A26-C791-318E-B4F3-1458A8479538}.MinSizeRel|x64.ActiveCfg = MinSizeRel|x64
		{10E26A26-C791-318E-B4F3-1458A8479538}.RelWithDebInfo|x64.ActiveCfg = RelWithDebInfo|x64
		{BCE70F17-00AD-30AB-83D5-0228E66DF32D}.Debug|x64.ActiveCfg = Debug|x64
		{BCE70F17-00AD-30AB-83D5-0228E66DF32D}.Release|x64.ActiveCfg = Release|x64
		{BCE70F17-00AD-30AB-83D5-0228E66DF32D}.MinSizeRel|x64.ActiveCfg = MinSizeRel|x64
		{BCE70F17-00AD-30AB-83D5-0228E66DF32D}.RelWithDebInfo|x64.ActiveCfg = RelWithDebInfo|x64
		{AE642202-CB47-381A-AC3D-2916EE4BE27C}.Debug|x64.ActiveCfg = Debug|x64
		{AE642202-CB47-381A-AC3D-2916EE4BE27C}.Release|x64.ActiveCfg = Release|x64
		{AE642202-CB47-381A-AC3D-2916EE4BE27C}.MinSizeRel|x64.ActiveCfg = MinSizeRel|x64
		{AE642202-CB47-381A-AC3D-2916EE4BE27C}.RelWithDebInfo|x64.ActiveCfg = RelWithDebInfo|x64
		{06D7361D-0558-35CD-A592-98BDE44C0A4E}.Debug|x64.ActiveCfg = Debug|x64
		{06D7361D-0558-35CD-A592-98BDE44C0A4E}.Debug|x64.Build.0 = Debug|x64
		{06D7361D-0558-35CD-A592-98BDE44C0A4E}.Release|x64.ActiveCfg = Release|x64
		{06D7361D-0558-35CD-A592-98BDE44C0A4E}.Release|x64.Build.0 = Release|x64
		{06D7361D-0558-35CD-A592-98BDE44C0A4E}.MinSizeRel|x64.ActiveCfg = MinSizeRel|x64
		{06D7361D-0558-35CD-A592-98BDE44C0A4E}.MinSizeRel|x64.Build.0 = MinSizeRel|x64
		{06D7361D-0558-35CD-A592-98BDE44C0A4E}.RelWithDebInfo|x64.ActiveCfg = RelWithDebInfo|x64
		{06D7361D-0558-35CD-A592-98BDE44C0A4E}.RelWithDebInfo|x64.Build.0 = RelWithDebInfo|x64
		{9A00F881-9FDB-3D8D-B0E9-CE09307F857A}.Debug|x64.ActiveCfg = Debug|x64
		{9A00F881-9FDB-3D8D-B0E9-CE09307F857A}.Debug|x64.Build.0 = Debug|x64
		{9A00F881-9FDB-3D8D-B0E9-CE09307F857A}.Release|x64.ActiveCfg = Release|x64
		{9A00F881-9FDB-3D8D-B0E9-CE09307F857A}.Release|x64.Build.0 = Release|x64
		{9A00F881-9FDB-3D8D-B0E9-CE09307F857A}.MinSizeRel|x64.ActiveCfg = MinSizeRel|x64
		{9A00F881-9FDB-3D8D-B0E9-CE09307F857A}.MinSizeRel|x64.Build.0 = MinSizeRel|x64
		{9A00F881-9FDB-3D8D-B0E9-CE09307F857A}.RelWithDebInfo|x64.ActiveCfg = RelWithDebInfo|x64
		{9A00F881-9FDB-3D8D-B0E9-CE09307F857A}.RelWithDebInfo|x64.Build.0 = RelWithDebInfo|x64
		{32C167F5-A0DE-36DE-B6DF-CE3EB4E71229}.Debug|x64.ActiveCfg = Debug|x64
		{32C167F5-A0DE-36DE-B6DF-CE3EB4E71229}.Debug|x64.Build.0 = Debug|x64
		{32C167F5-A0DE-36DE-B6DF-CE3EB4E71229}.Release|x64.ActiveCfg = Release|x64
		{32C167F5-A0DE-36DE-B6DF-CE3EB4E71229}.Release|x64.Build.0 = Release|x64
		{32C167F5-A0DE-36DE-B6DF-CE3EB4E71229}.MinSizeRel|x64.ActiveCfg = MinSizeRel|x64
		{32C167F5-A0DE-36DE-B6DF-CE3EB4E71229}.MinSizeRel|x64.Build.0 = MinSizeRel|x64
		{32C167F5-A0DE-36DE-B6DF-CE3EB4E71229}.RelWithDebInfo|x64.ActiveCfg = RelWithDebInfo|x64
		{32C167F5-A0DE-36DE-B6DF-CE3EB4E71229}.RelWithDebInfo|x64.Build.0 = RelWithDebInfo|x64
	EndGlobalSection
	GlobalSection(ExtensibilityGlobals) = postSolution
		SolutionGuid = {0DD2A862-ACAF-39FB-970F-749AACB737C8}
	EndGlobalSection
	GlobalSection(ExtensibilityAddIns) = postSolution
	EndGlobalSection
EndGlobal
