<?xml version="1.0" encoding="utf-8"?>
<Project ToolsVersion="16.0" xmlns="http://schemas.microsoft.com/developer/msbuild/2003">
  <ItemGroup>
    <CustomBuild Include="C:\Users\zero\cxx\case-project\builds\windows\windows-benchmark\CMakeFiles\93861e173b55e5d827a02ee8301b37cb\INSTALL_force.rule">
      <Filter>CMake Rules</Filter>
    </CustomBuild>
  </ItemGroup>
  <ItemGroup>
    <Filter Include="CMake Rules">
      <UniqueIdentifier>{42B42FDB-D31C-3AFA-9FEF-B1C31843F52A}</UniqueIdentifier>
    </Filter>
  </ItemGroup>
</Project>
